
Microsoft Visual Studio Solution File, Format Version 12.00
# Visual Studio Version 17
VisualStudioVersion = 17.0.32014.148
MinimumVisualStudioVersion = 10.0.40219.1
Project("{FAE04EC0-301F-11D3-BF4B-00C04F79EFBC}") = "Exception", "Exception\Exception.csproj", "{D31B8E08-0D03-4FF4-A3BF-83A67E582E3C}"
EndProject
Global
	GlobalSection(SolutionConfigurationPlatforms) = preSolution
		Debug|Any CPU = Debug|Any CPU
		Release|Any CPU = Release|Any CPU
	EndGlobalSection
	GlobalSection(ProjectConfigurationPlatforms) = postSolution
		{D31B8E08-0D03-4FF4-A3BF-83A67E582E3C}.Debug|Any CPU.ActiveCfg = Debug|Any CPU
		{D31B8E08-0D03-4FF4-A3BF-83A67E582E3C}.Debug|Any CPU.Build.0 = Debug|Any CPU
		{D31B8E08-0D03-4FF4-A3BF-83A67E582E3C}.Release|Any CPU.ActiveCfg = Release|Any CPU
		{D31B8E08-0D03-4FF4-A3BF-83A67E582E3C}.Release|Any CPU.Build.0 = Release|Any CPU
	EndGlobalSection
	GlobalSection(SolutionProperties) = preSolution
		HideSolutionNode = FALSE
	EndGlobalSection
	GlobalSection(ExtensibilityGlobals) = postSolution
		SolutionGuid = {B1875C97-C66A-4718-9B71-DD56658AA9F2}
	EndGlobalSection
EndGlobal
