
Microsoft Visual Studio Solution File, Format Version 12.00
# Visual Studio Version 17
VisualStudioVersion = 17.0.32014.148
MinimumVisualStudioVersion = 10.0.40219.1
Project("{FAE04EC0-301F-11D3-BF4B-00C04F79EFBC}") = "If", "If\If.csproj", "{A76E8844-448E-41AC-9B64-5A2B12A5F803}"
EndProject
Project("{FAE04EC0-301F-11D3-BF4B-00C04F79EFBC}") = "Switch", "Switch\Switch.csproj", "{AD1EAEE2-0711-4D4D-86E8-BF598ECAF2FA}"
EndProject
Project("{FAE04EC0-301F-11D3-BF4B-00C04F79EFBC}") = "Atividade01", "Atividade01\Atividade01.csproj", "{8EEE8A34-7049-46DC-8C42-C98D75D42626}"
EndProject
Global
	GlobalSection(SolutionConfigurationPlatforms) = preSolution
		Debug|Any CPU = Debug|Any CPU
		Release|Any CPU = Release|Any CPU
	EndGlobalSection
	GlobalSection(ProjectConfigurationPlatforms) = postSolution
		{A76E8844-448E-41AC-9B64-5A2B12A5F803}.Debug|Any CPU.ActiveCfg = Debug|Any CPU
		{A76E8844-448E-41AC-9B64-5A2B12A5F803}.Debug|Any CPU.Build.0 = Debug|Any CPU
		{A76E8844-448E-41AC-9B64-5A2B12A5F803}.Release|Any CPU.ActiveCfg = Release|Any CPU
		{A76E8844-448E-41AC-9B64-5A2B12A5F803}.Release|Any CPU.Build.0 = Release|Any CPU
		{AD1EAEE2-0711-4D4D-86E8-BF598ECAF2FA}.Debug|Any CPU.ActiveCfg = Debug|Any CPU
		{AD1EAEE2-0711-4D4D-86E8-BF598ECAF2FA}.Debug|Any CPU.Build.0 = Debug|Any CPU
		{AD1EAEE2-0711-4D4D-86E8-BF598ECAF2FA}.Release|Any CPU.ActiveCfg = Release|Any CPU
		{AD1EAEE2-0711-4D4D-86E8-BF598ECAF2FA}.Release|Any CPU.Build.0 = Release|Any CPU
		{8EEE8A34-7049-46DC-8C42-C98D75D42626}.Debug|Any CPU.ActiveCfg = Debug|Any CPU
		{8EEE8A34-7049-46DC-8C42-C98D75D42626}.Debug|Any CPU.Build.0 = Debug|Any CPU
		{8EEE8A34-7049-46DC-8C42-C98D75D42626}.Release|Any CPU.ActiveCfg = Release|Any CPU
		{8EEE8A34-7049-46DC-8C42-C98D75D42626}.Release|Any CPU.Build.0 = Release|Any CPU
	EndGlobalSection
	GlobalSection(SolutionProperties) = preSolution
		HideSolutionNode = FALSE
	EndGlobalSection
	GlobalSection(ExtensibilityGlobals) = postSolution
		SolutionGuid = {ACF16CBE-E3B2-42EC-AA46-769089B1A2AD}
	EndGlobalSection
EndGlobal
