
Microsoft Visual Studio Solution File, Format Version 12.00
# Visual Studio Version 17
VisualStudioVersion = 17.0.32014.148
MinimumVisualStudioVersion = 10.0.40219.1
Project("{FAE04EC0-301F-11D3-BF4B-00C04F79EFBC}") = "EstruturaDeRepeticao", "EstruturaDeRepeticao\EstruturaDeRepeticao.csproj", "{B85B0DE9-DDA4-4891-A020-D6C2E3D42E8C}"
EndProject
Project("{FAE04EC0-301F-11D3-BF4B-00C04F79EFBC}") = "Atividade01-CalculoDeTabuada", "Atividade01-CalculoDeTabuada\Atividade01-CalculoDeTabuada.csproj", "{307AC870-738E-428E-80BB-FEDEADBA1F07}"
EndProject
Global
	GlobalSection(SolutionConfigurationPlatforms) = preSolution
		Debug|Any CPU = Debug|Any CPU
		Release|Any CPU = Release|Any CPU
	EndGlobalSection
	GlobalSection(ProjectConfigurationPlatforms) = postSolution
		{B85B0DE9-DDA4-4891-A020-D6C2E3D42E8C}.Debug|Any CPU.ActiveCfg = Debug|Any CPU
		{B85B0DE9-DDA4-4891-A020-D6C2E3D42E8C}.Debug|Any CPU.Build.0 = Debug|Any CPU
		{B85B0DE9-DDA4-4891-A020-D6C2E3D42E8C}.Release|Any CPU.ActiveCfg = Release|Any CPU
		{B85B0DE9-DDA4-4891-A020-D6C2E3D42E8C}.Release|Any CPU.Build.0 = Release|Any CPU
		{307AC870-738E-428E-80BB-FEDEADBA1F07}.Debug|Any CPU.ActiveCfg = Debug|Any CPU
		{307AC870-738E-428E-80BB-FEDEADBA1F07}.Debug|Any CPU.Build.0 = Debug|Any CPU
		{307AC870-738E-428E-80BB-FEDEADBA1F07}.Release|Any CPU.ActiveCfg = Release|Any CPU
		{307AC870-738E-428E-80BB-FEDEADBA1F07}.Release|Any CPU.Build.0 = Release|Any CPU
	EndGlobalSection
	GlobalSection(SolutionProperties) = preSolution
		HideSolutionNode = FALSE
	EndGlobalSection
	GlobalSection(ExtensibilityGlobals) = postSolution
		SolutionGuid = {88AED4DC-F612-4BA1-9E59-F6F95E443E05}
	EndGlobalSection
EndGlobal
