
Microsoft Visual Studio Solution File, Format Version 12.00
# Visual Studio Version 17
VisualStudioVersion = 17.0.32014.148
MinimumVisualStudioVersion = 10.0.40219.1
Project("{FAE04EC0-301F-11D3-BF4B-00C04F79EFBC}") = "AplicacoesDesktop", "AplicacoesDesktop\AplicacoesDesktop.csproj", "{C75458C7-F014-4115-80D8-D876AAE9B38F}"
EndProject
Project("{FAE04EC0-301F-11D3-BF4B-00C04F79EFBC}") = "Atividade01", "Atividade01\Atividade01.csproj", "{9288150A-3B45-480F-B548-36A32775F831}"
EndProject
Project("{FAE04EC0-301F-11D3-BF4B-00C04F79EFBC}") = "Atividade02", "Atividade02\Atividade02.csproj", "{1B8F5F69-40B3-4B49-A22D-52E602AAE278}"
EndProject
Global
	GlobalSection(SolutionConfigurationPlatforms) = preSolution
		Debug|Any CPU = Debug|Any CPU
		Release|Any CPU = Release|Any CPU
	EndGlobalSection
	GlobalSection(ProjectConfigurationPlatforms) = postSolution
		{C75458C7-F014-4115-80D8-D876AAE9B38F}.Debug|Any CPU.ActiveCfg = Debug|Any CPU
		{C75458C7-F014-4115-80D8-D876AAE9B38F}.Debug|Any CPU.Build.0 = Debug|Any CPU
		{C75458C7-F014-4115-80D8-D876AAE9B38F}.Release|Any CPU.ActiveCfg = Release|Any CPU
		{C75458C7-F014-4115-80D8-D876AAE9B38F}.Release|Any CPU.Build.0 = Release|Any CPU
		{9288150A-3B45-480F-B548-36A32775F831}.Debug|Any CPU.ActiveCfg = Debug|Any CPU
		{9288150A-3B45-480F-B548-36A32775F831}.Debug|Any CPU.Build.0 = Debug|Any CPU
		{9288150A-3B45-480F-B548-36A32775F831}.Release|Any CPU.ActiveCfg = Release|Any CPU
		{9288150A-3B45-480F-B548-36A32775F831}.Release|Any CPU.Build.0 = Release|Any CPU
		{1B8F5F69-40B3-4B49-A22D-52E602AAE278}.Debug|Any CPU.ActiveCfg = Debug|Any CPU
		{1B8F5F69-40B3-4B49-A22D-52E602AAE278}.Debug|Any CPU.Build.0 = Debug|Any CPU
		{1B8F5F69-40B3-4B49-A22D-52E602AAE278}.Release|Any CPU.ActiveCfg = Release|Any CPU
		{1B8F5F69-40B3-4B49-A22D-52E602AAE278}.Release|Any CPU.Build.0 = Release|Any CPU
	EndGlobalSection
	GlobalSection(SolutionProperties) = preSolution
		HideSolutionNode = FALSE
	EndGlobalSection
	GlobalSection(ExtensibilityGlobals) = postSolution
		SolutionGuid = {77A34683-00CA-4B19-90FB-EFFA29ED5589}
	EndGlobalSection
EndGlobal
